
Microsoft Visual Studio Solution File, Format Version 12.00
# Visual Studio Version 17
VisualStudioVersion = 17.11.35208.52
MinimumVisualStudioVersion = 10.0.40219.1
Project("{FAE04EC0-301F-11D3-BF4B-00C04F79EFBC}") = "Proyecto final", "Proyecto final\Proyecto final.csproj", "{B9691EDF-972A-4B45-85DE-EDA544650BA6}"
EndProject
Global
	GlobalSection(SolutionConfigurationPlatforms) = preSolution
		Debug|Any CPU = Debug|Any CPU
		Release|Any CPU = Release|Any CPU
	EndGlobalSection
	GlobalSection(ProjectConfigurationPlatforms) = postSolution
		{B9691EDF-972A-4B45-85DE-EDA544650BA6}.Debug|Any CPU.ActiveCfg = Debug|Any CPU
		{B9691EDF-972A-4B45-85DE-EDA544650BA6}.Debug|Any CPU.Build.0 = Debug|Any CPU
		{B9691EDF-972A-4B45-85DE-EDA544650BA6}.Release|Any CPU.ActiveCfg = Release|Any CPU
		{B9691EDF-972A-4B45-85DE-EDA544650BA6}.Release|Any CPU.Build.0 = Release|Any CPU
	EndGlobalSection
	GlobalSection(SolutionProperties) = preSolution
		HideSolutionNode = FALSE
	EndGlobalSection
	GlobalSection(ExtensibilityGlobals) = postSolution
		SolutionGuid = {4F50E7EB-A6F7-49C6-95FB-8DFEB4A10B13}
	EndGlobalSection
EndGlobal
